
Microsoft Visual Studio Solution File, Format Version 12.00
# Visual Studio 15
VisualStudioVersion = 15.0.26730.3
MinimumVisualStudioVersion = 10.0.40219.1
Project("{FAE04EC0-301F-11D3-BF4B-00C04F79EFBC}") = "SiteDadosNASA", "SiteDadosNASA\SiteDadosNASA.csproj", "{10CE4D75-67FC-41A1-B8D0-76A6532D3337}"
EndProject
Global
	GlobalSection(SolutionConfigurationPlatforms) = preSolution
		Debug|Any CPU = Debug|Any CPU
		Release|Any CPU = Release|Any CPU
	EndGlobalSection
	GlobalSection(ProjectConfigurationPlatforms) = postSolution
		{10CE4D75-67FC-41A1-B8D0-76A6532D3337}.Debug|Any CPU.ActiveCfg = Debug|Any CPU
		{10CE4D75-67FC-41A1-B8D0-76A6532D3337}.Debug|Any CPU.Build.0 = Debug|Any CPU
		{10CE4D75-67FC-41A1-B8D0-76A6532D3337}.Release|Any CPU.ActiveCfg = Release|Any CPU
		{10CE4D75-67FC-41A1-B8D0-76A6532D3337}.Release|Any CPU.Build.0 = Release|Any CPU
	EndGlobalSection
	GlobalSection(SolutionProperties) = preSolution
		HideSolutionNode = FALSE
	EndGlobalSection
	GlobalSection(ExtensibilityGlobals) = postSolution
		SolutionGuid = {A1796403-BC15-4458-B8A2-0EB77BED4335}
	EndGlobalSection
EndGlobal
